# This file is automatically @generated by Cargo.
# It is not intended for manual editing.
version = 4

[[package]]
name = "appcipe-normalize"
version = "0.1.0"

[[package]]
name = "appcipe-spec"
version = "0.1.0"

[[package]]
name = "chefer-cli"
version = "0.1.0"

[[package]]
name = "chefer-launch"
version = "0.1.0"

[[package]]
name = "chefer-pack"
version = "0.1.0"

[[package]]
name = "guest-agent"
version = "0.1.0"

[[package]]
name = "vmm-backend"
version = "0.1.0"
